
Microsoft Visual Studio Solution File, Format Version 12.00
# Visual Studio Version 16
VisualStudioVersion = 16.0.29613.14
MinimumVisualStudioVersion = 10.0.40219.1
Project("{9A19103F-16F7-4668-BE54-9A1E7A4F7556}") = "DataLabCore", "DataLabCore\DataLabCore.csproj", "{38AE2949-1687-406A-B7EA-E54B66131D68}"
EndProject
Project("{9A19103F-16F7-4668-BE54-9A1E7A4F7556}") = "DataLabTest", "DataLabTest\DataLabTest.csproj", "{9273F14F-352C-44DF-B454-A54B94128666}"
EndProject
Project("{9A19103F-16F7-4668-BE54-9A1E7A4F7556}") = "DataLabConsole", "DataLabConsole\DataLabConsole.csproj", "{B1D78E5B-CDC2-494D-A1E1-94E6C91A52CB}"
EndProject
Project("{9A19103F-16F7-4668-BE54-9A1E7A4F7556}") = "TextConvolution", "TextConvolution\TextConvolution.csproj", "{8CE26600-0685-4677-B8C5-AEAFBF8613EE}"
	ProjectSection(ProjectDependencies) = postProject
		{38AE2949-1687-406A-B7EA-E54B66131D68} = {38AE2949-1687-406A-B7EA-E54B66131D68}
	EndProjectSection
EndProject
Project("{2150E333-8FDC-42A3-9474-1A3956D46DE8}") = "Programs", "Programs", "{3D60932F-F9EA-4B0C-B5D5-A6A19840396D}"
EndProject
Project("{9A19103F-16F7-4668-BE54-9A1E7A4F7556}") = "DataLabClient", "DataLabClient\DataLabClient.csproj", "{A98183BD-2B30-4651-B53A-31D4D5966B65}"
EndProject
Project("{FAE04EC0-301F-11D3-BF4B-00C04F79EFBC}") = "GeoConverter", "GeoConverter\GeoConverter.csproj", "{F5A08635-0636-43D9-81E5-64CDA2089A2F}"
EndProject
Global
	GlobalSection(SolutionConfigurationPlatforms) = preSolution
		Debug|Any CPU = Debug|Any CPU
		Debug|x64 = Debug|x64
		Debug|x86 = Debug|x86
		Release|Any CPU = Release|Any CPU
		Release|x64 = Release|x64
		Release|x86 = Release|x86
	EndGlobalSection
	GlobalSection(ProjectConfigurationPlatforms) = postSolution
		{38AE2949-1687-406A-B7EA-E54B66131D68}.Debug|Any CPU.ActiveCfg = Debug|Any CPU
		{38AE2949-1687-406A-B7EA-E54B66131D68}.Debug|Any CPU.Build.0 = Debug|Any CPU
		{38AE2949-1687-406A-B7EA-E54B66131D68}.Debug|x64.ActiveCfg = Debug|x64
		{38AE2949-1687-406A-B7EA-E54B66131D68}.Debug|x64.Build.0 = Debug|x64
		{38AE2949-1687-406A-B7EA-E54B66131D68}.Debug|x86.ActiveCfg = Debug|Any CPU
		{38AE2949-1687-406A-B7EA-E54B66131D68}.Debug|x86.Build.0 = Debug|Any CPU
		{38AE2949-1687-406A-B7EA-E54B66131D68}.Release|Any CPU.ActiveCfg = Release|Any CPU
		{38AE2949-1687-406A-B7EA-E54B66131D68}.Release|Any CPU.Build.0 = Release|Any CPU
		{38AE2949-1687-406A-B7EA-E54B66131D68}.Release|x64.ActiveCfg = Release|x64
		{38AE2949-1687-406A-B7EA-E54B66131D68}.Release|x64.Build.0 = Release|x64
		{38AE2949-1687-406A-B7EA-E54B66131D68}.Release|x86.ActiveCfg = Release|Any CPU
		{38AE2949-1687-406A-B7EA-E54B66131D68}.Release|x86.Build.0 = Release|Any CPU
		{9273F14F-352C-44DF-B454-A54B94128666}.Debug|Any CPU.ActiveCfg = Debug|Any CPU
		{9273F14F-352C-44DF-B454-A54B94128666}.Debug|Any CPU.Build.0 = Debug|Any CPU
		{9273F14F-352C-44DF-B454-A54B94128666}.Debug|x64.ActiveCfg = Debug|x64
		{9273F14F-352C-44DF-B454-A54B94128666}.Debug|x64.Build.0 = Debug|x64
		{9273F14F-352C-44DF-B454-A54B94128666}.Debug|x86.ActiveCfg = Debug|Any CPU
		{9273F14F-352C-44DF-B454-A54B94128666}.Debug|x86.Build.0 = Debug|Any CPU
		{9273F14F-352C-44DF-B454-A54B94128666}.Release|Any CPU.ActiveCfg = Release|Any CPU
		{9273F14F-352C-44DF-B454-A54B94128666}.Release|Any CPU.Build.0 = Release|Any CPU
		{9273F14F-352C-44DF-B454-A54B94128666}.Release|x64.ActiveCfg = Release|x64
		{9273F14F-352C-44DF-B454-A54B94128666}.Release|x64.Build.0 = Release|x64
		{9273F14F-352C-44DF-B454-A54B94128666}.Release|x86.ActiveCfg = Release|Any CPU
		{9273F14F-352C-44DF-B454-A54B94128666}.Release|x86.Build.0 = Release|Any CPU
		{B1D78E5B-CDC2-494D-A1E1-94E6C91A52CB}.Debug|Any CPU.ActiveCfg = Debug|Any CPU
		{B1D78E5B-CDC2-494D-A1E1-94E6C91A52CB}.Debug|Any CPU.Build.0 = Debug|Any CPU
		{B1D78E5B-CDC2-494D-A1E1-94E6C91A52CB}.Debug|x64.ActiveCfg = Debug|x64
		{B1D78E5B-CDC2-494D-A1E1-94E6C91A52CB}.Debug|x64.Build.0 = Debug|x64
		{B1D78E5B-CDC2-494D-A1E1-94E6C91A52CB}.Debug|x86.ActiveCfg = Debug|Any CPU
		{B1D78E5B-CDC2-494D-A1E1-94E6C91A52CB}.Debug|x86.Build.0 = Debug|Any CPU
		{B1D78E5B-CDC2-494D-A1E1-94E6C91A52CB}.Release|Any CPU.ActiveCfg = Release|Any CPU
		{B1D78E5B-CDC2-494D-A1E1-94E6C91A52CB}.Release|Any CPU.Build.0 = Release|Any CPU
		{B1D78E5B-CDC2-494D-A1E1-94E6C91A52CB}.Release|x64.ActiveCfg = Release|x64
		{B1D78E5B-CDC2-494D-A1E1-94E6C91A52CB}.Release|x64.Build.0 = Release|x64
		{B1D78E5B-CDC2-494D-A1E1-94E6C91A52CB}.Release|x86.ActiveCfg = Release|Any CPU
		{B1D78E5B-CDC2-494D-A1E1-94E6C91A52CB}.Release|x86.Build.0 = Release|Any CPU
		{8CE26600-0685-4677-B8C5-AEAFBF8613EE}.Debug|Any CPU.ActiveCfg = Debug|Any CPU
		{8CE26600-0685-4677-B8C5-AEAFBF8613EE}.Debug|Any CPU.Build.0 = Debug|Any CPU
		{8CE26600-0685-4677-B8C5-AEAFBF8613EE}.Debug|x64.ActiveCfg = Debug|Any CPU
		{8CE26600-0685-4677-B8C5-AEAFBF8613EE}.Debug|x64.Build.0 = Debug|Any CPU
		{8CE26600-0685-4677-B8C5-AEAFBF8613EE}.Debug|x86.ActiveCfg = Debug|x86
		{8CE26600-0685-4677-B8C5-AEAFBF8613EE}.Debug|x86.Build.0 = Debug|x86
		{8CE26600-0685-4677-B8C5-AEAFBF8613EE}.Release|Any CPU.ActiveCfg = Release|Any CPU
		{8CE26600-0685-4677-B8C5-AEAFBF8613EE}.Release|Any CPU.Build.0 = Release|Any CPU
		{8CE26600-0685-4677-B8C5-AEAFBF8613EE}.Release|x64.ActiveCfg = Release|Any CPU
		{8CE26600-0685-4677-B8C5-AEAFBF8613EE}.Release|x64.Build.0 = Release|Any CPU
		{8CE26600-0685-4677-B8C5-AEAFBF8613EE}.Release|x86.ActiveCfg = Release|x86
		{8CE26600-0685-4677-B8C5-AEAFBF8613EE}.Release|x86.Build.0 = Release|x86
		{A98183BD-2B30-4651-B53A-31D4D5966B65}.Debug|Any CPU.ActiveCfg = Debug|Any CPU
		{A98183BD-2B30-4651-B53A-31D4D5966B65}.Debug|Any CPU.Build.0 = Debug|Any CPU
		{A98183BD-2B30-4651-B53A-31D4D5966B65}.Debug|x64.ActiveCfg = Debug|Any CPU
		{A98183BD-2B30-4651-B53A-31D4D5966B65}.Debug|x64.Build.0 = Debug|Any CPU
		{A98183BD-2B30-4651-B53A-31D4D5966B65}.Debug|x86.ActiveCfg = Debug|Any CPU
		{A98183BD-2B30-4651-B53A-31D4D5966B65}.Debug|x86.Build.0 = Debug|Any CPU
		{A98183BD-2B30-4651-B53A-31D4D5966B65}.Release|Any CPU.ActiveCfg = Release|Any CPU
		{A98183BD-2B30-4651-B53A-31D4D5966B65}.Release|Any CPU.Build.0 = Release|Any CPU
		{A98183BD-2B30-4651-B53A-31D4D5966B65}.Release|x64.ActiveCfg = Release|Any CPU
		{A98183BD-2B30-4651-B53A-31D4D5966B65}.Release|x64.Build.0 = Release|Any CPU
		{A98183BD-2B30-4651-B53A-31D4D5966B65}.Release|x86.ActiveCfg = Release|Any CPU
		{A98183BD-2B30-4651-B53A-31D4D5966B65}.Release|x86.Build.0 = Release|Any CPU
		{F5A08635-0636-43D9-81E5-64CDA2089A2F}.Debug|Any CPU.ActiveCfg = Debug|Any CPU
		{F5A08635-0636-43D9-81E5-64CDA2089A2F}.Debug|Any CPU.Build.0 = Debug|Any CPU
		{F5A08635-0636-43D9-81E5-64CDA2089A2F}.Debug|x64.ActiveCfg = Debug|Any CPU
		{F5A08635-0636-43D9-81E5-64CDA2089A2F}.Debug|x64.Build.0 = Debug|Any CPU
		{F5A08635-0636-43D9-81E5-64CDA2089A2F}.Debug|x86.ActiveCfg = Debug|Any CPU
		{F5A08635-0636-43D9-81E5-64CDA2089A2F}.Debug|x86.Build.0 = Debug|Any CPU
		{F5A08635-0636-43D9-81E5-64CDA2089A2F}.Release|Any CPU.ActiveCfg = Release|Any CPU
		{F5A08635-0636-43D9-81E5-64CDA2089A2F}.Release|Any CPU.Build.0 = Release|Any CPU
		{F5A08635-0636-43D9-81E5-64CDA2089A2F}.Release|x64.ActiveCfg = Release|Any CPU
		{F5A08635-0636-43D9-81E5-64CDA2089A2F}.Release|x64.Build.0 = Release|Any CPU
		{F5A08635-0636-43D9-81E5-64CDA2089A2F}.Release|x86.ActiveCfg = Release|Any CPU
		{F5A08635-0636-43D9-81E5-64CDA2089A2F}.Release|x86.Build.0 = Release|Any CPU
	EndGlobalSection
	GlobalSection(SolutionProperties) = preSolution
		HideSolutionNode = FALSE
	EndGlobalSection
	GlobalSection(NestedProjects) = preSolution
		{B1D78E5B-CDC2-494D-A1E1-94E6C91A52CB} = {3D60932F-F9EA-4B0C-B5D5-A6A19840396D}
		{8CE26600-0685-4677-B8C5-AEAFBF8613EE} = {3D60932F-F9EA-4B0C-B5D5-A6A19840396D}
		{A98183BD-2B30-4651-B53A-31D4D5966B65} = {3D60932F-F9EA-4B0C-B5D5-A6A19840396D}
		{F5A08635-0636-43D9-81E5-64CDA2089A2F} = {3D60932F-F9EA-4B0C-B5D5-A6A19840396D}
	EndGlobalSection
	GlobalSection(ExtensibilityGlobals) = postSolution
		SolutionGuid = {87D2A934-25AF-47E8-B849-26221EDDEB6B}
	EndGlobalSection
EndGlobal
